hash: 24eb376bd84eb0681c93c567384489502f5376d005117167419cc10664cc260e
updated: 2017-07-08T20:30:05.613373386+08:00
imports:
- name: github.com/bmaxa/trees
  version: 320cd9e74df1f406b9345ff87595f28c9d67f461
testImports:
- name: github.com/OneOfOne/xxhash
  version: 9f129ced0523605cdde14a954ae4609e366a7998
